
Microsoft Visual Studio Solution File, Format Version 12.00
# Visual Studio Version 17
VisualStudioVersion = 17.5.002.0
MinimumVisualStudioVersion = 10.0.40219.1
Project("{9A19103F-16F7-4668-BE54-9A1E7A4F7556}") = "ScoresApi", "ScoresApi\ScoresApi.csproj", "{54362EC3-B845-4B40-9210-7C167E1B6E61}"
EndProject
Project("{9A19103F-16F7-4668-BE54-9A1E7A4F7556}") = "ScoresApi.Tests", "ScoresApi.Tests\ScoresApi.Tests.csproj", "{5A05F30F-2B0B-4E6E-8D87-9FB024C2D390}"
EndProject
Project("{9A19103F-16F7-4668-BE54-9A1E7A4F7556}") = "WordGuess", "WordGuess\WordGuess.csproj", "{D79B2263-0B05-4405-BCC8-3D64F8C393FC}"
EndProject
Project("{9A19103F-16F7-4668-BE54-9A1E7A4F7556}") = "WordGuess.Tests", "WordGuess.Tests\WordGuess.Tests.csproj", "{816B3D55-4AE5-475B-A576-2E51D0339667}"
EndProject
Global
	GlobalSection(SolutionConfigurationPlatforms) = preSolution
		Debug|Any CPU = Debug|Any CPU
		Release|Any CPU = Release|Any CPU
	EndGlobalSection
	GlobalSection(ProjectConfigurationPlatforms) = postSolution
		{54362EC3-B845-4B40-9210-7C167E1B6E61}.Debug|Any CPU.ActiveCfg = Debug|Any CPU
		{54362EC3-B845-4B40-9210-7C167E1B6E61}.Debug|Any CPU.Build.0 = Debug|Any CPU
		{54362EC3-B845-4B40-9210-7C167E1B6E61}.Release|Any CPU.ActiveCfg = Release|Any CPU
		{54362EC3-B845-4B40-9210-7C167E1B6E61}.Release|Any CPU.Build.0 = Release|Any CPU
		{5A05F30F-2B0B-4E6E-8D87-9FB024C2D390}.Debug|Any CPU.ActiveCfg = Debug|Any CPU
		{5A05F30F-2B0B-4E6E-8D87-9FB024C2D390}.Debug|Any CPU.Build.0 = Debug|Any CPU
		{5A05F30F-2B0B-4E6E-8D87-9FB024C2D390}.Release|Any CPU.ActiveCfg = Release|Any CPU
		{5A05F30F-2B0B-4E6E-8D87-9FB024C2D390}.Release|Any CPU.Build.0 = Release|Any CPU
		{D79B2263-0B05-4405-BCC8-3D64F8C393FC}.Debug|Any CPU.ActiveCfg = Debug|Any CPU
		{D79B2263-0B05-4405-BCC8-3D64F8C393FC}.Debug|Any CPU.Build.0 = Debug|Any CPU
		{D79B2263-0B05-4405-BCC8-3D64F8C393FC}.Release|Any CPU.ActiveCfg = Release|Any CPU
		{D79B2263-0B05-4405-BCC8-3D64F8C393FC}.Release|Any CPU.Build.0 = Release|Any CPU
		{816B3D55-4AE5-475B-A576-2E51D0339667}.Debug|Any CPU.ActiveCfg = Debug|Any CPU
		{816B3D55-4AE5-475B-A576-2E51D0339667}.Debug|Any CPU.Build.0 = Debug|Any CPU
		{816B3D55-4AE5-475B-A576-2E51D0339667}.Release|Any CPU.ActiveCfg = Release|Any CPU
		{816B3D55-4AE5-475B-A576-2E51D0339667}.Release|Any CPU.Build.0 = Release|Any CPU
	EndGlobalSection
	GlobalSection(SolutionProperties) = preSolution
		HideSolutionNode = FALSE
	EndGlobalSection
	GlobalSection(ExtensibilityGlobals) = postSolution
		SolutionGuid = {B7C4E82A-D64D-4148-8802-719F3DCFFD6C}
	EndGlobalSection
EndGlobal
